Microsoft Visual Studio Solution File, Format Version 12.00
# Visual Studio Version 17
VisualStudioVersion = 17.5.2.0
MinimumVisualStudioVersion = 10.0.40219.1
Project("{FAE04EC0-301F-11D3-BF4B-00C04F79EFBC}") = "SupportAI.api", "SupportAI.api.csproj", "{7BDDECCC-B3C2-410D-B7A1-19DD21688063}"
EndProject
Global
	GlobalSection(SolutionConfigurationPlatforms) = preSolution
		Debug|Any CPU = Debug|Any CPU
		Release|Any CPU = Release|Any CPU
	EndGlobalSection
	GlobalSection(ProjectConfigurationPlatforms) = postSolution
		{7BDDECCC-B3C2-410D-B7A1-19DD21688063}.Debug|Any CPU.ActiveCfg = Debug|Any CPU
		{7BDDECCC-B3C2-410D-B7A1-19DD21688063}.Debug|Any CPU.Build.0 = Debug|Any CPU
		{7BDDECCC-B3C2-410D-B7A1-19DD21688063}.Release|Any CPU.ActiveCfg = Release|Any CPU
		{7BDDECCC-B3C2-410D-B7A1-19DD21688063}.Release|Any CPU.Build.0 = Release|Any CPU
	EndGlobalSection
	GlobalSection(SolutionProperties) = preSolution
		HideSolutionNode = FALSE
	EndGlobalSection
	GlobalSection(ExtensibilityGlobals) = postSolution
		SolutionGuid = {0EE8AEE1-7FE0-4B1F-8C85-2D0F6EDE4634}
	EndGlobalSection
EndGlobal
